{
    "_readme": [
        "This file locks the dependencies of your project to a known state",
        "Read more about it at https://getcomposer.org/doc/01-basic-usage.md#installing-dependencies",
        "This file is @generated automatically"
    ],
    "content-hash": "760bb87836a7d9b121011df4828093e1",
    "packages": [
        {
            "name": "backdrop/backdrop",
            "version": "1.30.0",
            "dist": {
                "type": "zip",
                "url": "https://github.com/backdrop/backdrop/archive/refs/tags/1.30.0.zip"
            },
            "type": "backdrop-core"
        },
        {
            "name": "johnpbloch/wordpress-core",
            "version": "4.9.0",
            "source": {
                "type": "git",
                "url": "https://github.com/johnpbloch/wordpress-core.git",
                "reference": "bf2ed9c364d35bcabd15c4bb139c2581ea8513a9"
            },
            "dist": {
                "type": "zip",
                "url": "https://api.github.com/repos/johnpbloch/wordpress-core/zipball/bf2ed9c364d35bcabd15c4bb139c2581ea8513a9",
                "reference": "bf2ed9c364d35bcabd15c4bb139c2581ea8513a9",
                "shasum": ""
            },
            "require": {
                "php": ">=5.3.2"
            },
            "provide": {
                "wordpress/core-implementation": "4.9.0"
            },
            "type": "wordpress-core",
            "notification-url": "https://packagist.org/downloads/",
            "license": [
                "GPL-2.0+"
            ],
            "authors": [
                {
                    "name": "WordPress Community",
                    "homepage": "http://wordpress.org/about/"
                }
            ],
            "description": "WordPress is web software you can use to create a beautiful website or blog.",
            "homepage": "http://wordpress.org/",
            "keywords": [
                "blog",
                "cms",
                "wordpress"
            ],
            "support": {
                "forum": "http://wordpress.org/support/",
                "irc": "irc://irc.freenode.net/wordpress",
                "issues": "http://core.trac.wordpress.org/",
                "source": "http://core.trac.wordpress.org/browser",
                "wiki": "http://codex.wordpress.org/"
            },
            "time": "2017-11-16T01:32:46+00:00"
        }
    ],
    "packages-dev": [],
    "aliases": [],
    "minimum-stability": "stable",
    "stability-flags": {},
    "prefer-stable": false,
    "prefer-lowest": false,
    "platform": {
        "php": ">=7.4"
    },
    "platform-dev": {},
    "plugin-api-version": "2.6.0"
}
